
Microsoft Visual Studio Solution File, Format Version 12.00
# Visual Studio 14
VisualStudioVersion = 14.0.25420.1
MinimumVisualStudioVersion = 10.0.40219.1
Project("{FAE04EC0-301F-11D3-BF4B-00C04F79EFBC}") = "HelloWorld", "HelloWorld\HelloWorld.csproj", "{9F010D31-1346-40C7-88E7-90E54719A665}"
EndProject
Project("{FAE04EC0-301F-11D3-BF4B-00C04F79EFBC}") = "PrintNumbers", "PrintNumbers\PrintNumbers.csproj", "{148B87AE-1FDD-422C-9D57-E3AE2357F7F0}"
EndProject
Project("{FAE04EC0-301F-11D3-BF4B-00C04F79EFBC}") = "SquareRoot", "SquareRoot\SquareRoot.csproj", "{3132C4CF-4096-4C8B-BD3A-DCEF63FE703B}"
EndProject
Project("{FAE04EC0-301F-11D3-BF4B-00C04F79EFBC}") = "PrintSequence", "PrintSequence\PrintSequence.csproj", "{44EC4E80-EAD2-472B-9834-23C32A88F856}"
EndProject
Project("{FAE04EC0-301F-11D3-BF4B-00C04F79EFBC}") = "Age", "Age\Age.csproj", "{DC9B47F9-04DA-4DC2-A832-DF0C687203D5}"
EndProject
Project("{FAE04EC0-301F-11D3-BF4B-00C04F79EFBC}") = "PrintLongSequence", "PrintLongSequence\PrintLongSequence.csproj", "{68A14B32-D5A6-4D21-B16C-294B018A8A64}"
EndProject
Global
	GlobalSection(SolutionConfigurationPlatforms) = preSolution
		Debug|Any CPU = Debug|Any CPU
		Release|Any CPU = Release|Any CPU
	EndGlobalSection
	GlobalSection(ProjectConfigurationPlatforms) = postSolution
		{9F010D31-1346-40C7-88E7-90E54719A665}.Debug|Any CPU.ActiveCfg = Debug|Any CPU
		{9F010D31-1346-40C7-88E7-90E54719A665}.Debug|Any CPU.Build.0 = Debug|Any CPU
		{9F010D31-1346-40C7-88E7-90E54719A665}.Release|Any CPU.ActiveCfg = Release|Any CPU
		{9F010D31-1346-40C7-88E7-90E54719A665}.Release|Any CPU.Build.0 = Release|Any CPU
		{148B87AE-1FDD-422C-9D57-E3AE2357F7F0}.Debug|Any CPU.ActiveCfg = Debug|Any CPU
		{148B87AE-1FDD-422C-9D57-E3AE2357F7F0}.Debug|Any CPU.Build.0 = Debug|Any CPU
		{148B87AE-1FDD-422C-9D57-E3AE2357F7F0}.Release|Any CPU.ActiveCfg = Release|Any CPU
		{148B87AE-1FDD-422C-9D57-E3AE2357F7F0}.Release|Any CPU.Build.0 = Release|Any CPU
		{3132C4CF-4096-4C8B-BD3A-DCEF63FE703B}.Debug|Any CPU.ActiveCfg = Debug|Any CPU
		{3132C4CF-4096-4C8B-BD3A-DCEF63FE703B}.Debug|Any CPU.Build.0 = Debug|Any CPU
		{3132C4CF-4096-4C8B-BD3A-DCEF63FE703B}.Release|Any CPU.ActiveCfg = Release|Any CPU
		{3132C4CF-4096-4C8B-BD3A-DCEF63FE703B}.Release|Any CPU.Build.0 = Release|Any CPU
		{44EC4E80-EAD2-472B-9834-23C32A88F856}.Debug|Any CPU.ActiveCfg = Debug|Any CPU
		{44EC4E80-EAD2-472B-9834-23C32A88F856}.Debug|Any CPU.Build.0 = Debug|Any CPU
		{44EC4E80-EAD2-472B-9834-23C32A88F856}.Release|Any CPU.ActiveCfg = Release|Any CPU
		{44EC4E80-EAD2-472B-9834-23C32A88F856}.Release|Any CPU.Build.0 = Release|Any CPU
		{DC9B47F9-04DA-4DC2-A832-DF0C687203D5}.Debug|Any CPU.ActiveCfg = Debug|Any CPU
		{DC9B47F9-04DA-4DC2-A832-DF0C687203D5}.Debug|Any CPU.Build.0 = Debug|Any CPU
		{DC9B47F9-04DA-4DC2-A832-DF0C687203D5}.Release|Any CPU.ActiveCfg = Release|Any CPU
		{DC9B47F9-04DA-4DC2-A832-DF0C687203D5}.Release|Any CPU.Build.0 = Release|Any CPU
		{68A14B32-D5A6-4D21-B16C-294B018A8A64}.Debug|Any CPU.ActiveCfg = Debug|Any CPU
		{68A14B32-D5A6-4D21-B16C-294B018A8A64}.Debug|Any CPU.Build.0 = Debug|Any CPU
		{68A14B32-D5A6-4D21-B16C-294B018A8A64}.Release|Any CPU.ActiveCfg = Release|Any CPU
		{68A14B32-D5A6-4D21-B16C-294B018A8A64}.Release|Any CPU.Build.0 = Release|Any CPU
	EndGlobalSection
	GlobalSection(SolutionProperties) = preSolution
		HideSolutionNode = FALSE
	EndGlobalSection
EndGlobal
