
Microsoft Visual Studio Solution File, Format Version 12.00
# Visual Studio 14
VisualStudioVersion = 14.0.25420.1
MinimumVisualStudioVersion = 10.0.40219.1
Project("{FAE04EC0-301F-11D3-BF4B-00C04F79EFBC}") = "Portals", "Portals\Portals.csproj", "{253EA5F0-ED38-4640-995A-A2C89A8F87CE}"
EndProject
Project("{FAE04EC0-301F-11D3-BF4B-00C04F79EFBC}") = "GirlsGoneWild", "GirlsGoneWild\GirlsGoneWild.csproj", "{ECFF480F-DC4F-447C-BDD8-B73E7B516992}"
EndProject
Project("{FAE04EC0-301F-11D3-BF4B-00C04F79EFBC}") = "Towns", "Towns\Towns.csproj", "{173FDAFC-44E4-4249-ADF9-6894812D8346}"
EndProject
Project("{FAE04EC0-301F-11D3-BF4B-00C04F79EFBC}") = "Sorting", "Sorting\Sorting.csproj", "{A26FFC9D-F6F6-45FA-AB1C-BEB6B3E4CA1C}"
EndProject
Project("{FAE04EC0-301F-11D3-BF4B-00C04F79EFBC}") = "Frames", "Frames\Frames.csproj", "{7106BD2B-A0B5-4386-8F76-A51182BA2344}"
EndProject
Project("{FAE04EC0-301F-11D3-BF4B-00C04F79EFBC}") = "Horses", "Horses\Horses.csproj", "{30D9C440-8062-46EB-995E-BB7F98C52069}"
EndProject
Project("{FAE04EC0-301F-11D3-BF4B-00C04F79EFBC}") = "Divisors", "Divisors\Divisors.csproj", "{58BA6166-5BDC-49D9-8C7D-C542C96D977D}"
EndProject
Project("{FAE04EC0-301F-11D3-BF4B-00C04F79EFBC}") = "ColourBalls", "ColourBalls\ColourBalls.csproj", "{0E79395C-FCDF-4D6E-80FF-F988BC3A612E}"
EndProject
Project("{FAE04EC0-301F-11D3-BF4B-00C04F79EFBC}") = "Zig-Zag", "Zig-Zag\Zig-Zag.csproj", "{A2ED75A5-4139-450B-B00A-32475A382C46}"
EndProject
Project("{FAE04EC0-301F-11D3-BF4B-00C04F79EFBC}") = "SumOfSequences", "SumOfSequences\SumOfSequences.csproj", "{34955C5F-FA3A-4943-B6E3-7B730155D866}"
EndProject
Project("{FAE04EC0-301F-11D3-BF4B-00C04F79EFBC}") = "BitsTime", "BitsTime\BitsTime.csproj", "{7B6075A9-B3C2-448A-ABC5-FB95B16839DF}"
EndProject
Project("{FAE04EC0-301F-11D3-BF4B-00C04F79EFBC}") = "DogeCoin", "DogeCoin\DogeCoin.csproj", "{21981F83-9D14-4A4D-9DD8-A0CD270AA241}"
EndProject
Project("{FAE04EC0-301F-11D3-BF4B-00C04F79EFBC}") = "QuadronacciRectangle", "QuadronacciRectangle\QuadronacciRectangle.csproj", "{663E6B72-2FC2-4520-8F46-39C27E17B292}"
EndProject
Project("{FAE04EC0-301F-11D3-BF4B-00C04F79EFBC}") = "3DLabyrint", "3DLabyrint\3DLabyrint.csproj", "{F570BC83-8AD4-4688-BF96-362604694070}"
EndProject
Project("{FAE04EC0-301F-11D3-BF4B-00C04F79EFBC}") = "SuperMarketQueue", "SuperMarketQueue\SuperMarketQueue.csproj", "{6D462E70-F85C-4760-A066-D142C0B691F7}"
EndProject
Project("{FAE04EC0-301F-11D3-BF4B-00C04F79EFBC}") = "RecoverMessage", "RecoverMessage\RecoverMessage.csproj", "{09B74A72-2C12-4DAB-AB3C-A916DB902C9F}"
EndProject
Project("{FAE04EC0-301F-11D3-BF4B-00C04F79EFBC}") = "Businessmen", "Businessmen\Businessmen.csproj", "{34CC560F-DCB6-4B36-9660-AF52ACAE84A1}"
EndProject
Project("{FAE04EC0-301F-11D3-BF4B-00C04F79EFBC}") = "Friends", "Friends\Friends.csproj", "{8A15D147-D6DF-4CB8-9196-147B71C144C8}"
EndProject
Project("{FAE04EC0-301F-11D3-BF4B-00C04F79EFBC}") = "UnitsOfWork", "UnitsOfWork\UnitsOfWork.csproj", "{292D4241-BBE6-42F7-AAC9-F987C0D0D9DC}"
EndProject
Project("{FAE04EC0-301F-11D3-BF4B-00C04F79EFBC}") = "OfficeSpace", "OfficeSpace\OfficeSpace.csproj", "{F4E04807-56A0-4857-9241-A60BB5168ED4}"
EndProject
Project("{FAE04EC0-301F-11D3-BF4B-00C04F79EFBC}") = "Permutations", "Permutations\Permutations.csproj", "{EC260126-EC47-46DC-99F4-DDE0486D123B}"
EndProject
Project("{FAE04EC0-301F-11D3-BF4B-00C04F79EFBC}") = "MessageInBottle", "MessageInBottle\MessageInBottle.csproj", "{62CFCB2A-D291-4172-9CF4-C14B873A6A09}"
EndProject
Project("{FAE04EC0-301F-11D3-BF4B-00C04F79EFBC}") = "AcademyTasks", "AcademyTasks\AcademyTasks.csproj", "{784B544A-CC0B-4DE4-9218-03EE329C71BF}"
EndProject
Project("{FAE04EC0-301F-11D3-BF4B-00C04F79EFBC}") = "FriendsInNeed", "FriendsInNeed\FriendsInNeed.csproj", "{7083C8F2-90F9-44F2-8735-F17BDB0189A2}"
EndProject
Project("{FAE04EC0-301F-11D3-BF4B-00C04F79EFBC}") = "RiskWinsRiskLoses", "RiskWinsRiskLoses\RiskWinsRiskLoses.csproj", "{57242FD7-2D39-4BAB-89F9-B3E954D167D9}"
EndProject
Project("{FAE04EC0-301F-11D3-BF4B-00C04F79EFBC}") = "ShoppingCenter", "ShoppingCenter\ShoppingCenter.csproj", "{824EC60C-AE24-4471-8A54-4CB3928AFA90}"
EndProject
Project("{FAE04EC0-301F-11D3-BF4B-00C04F79EFBC}") = "Election", "Election\Election.csproj", "{EA988051-1FAF-47CE-9A03-D09A7616542B}"
EndProject
Project("{FAE04EC0-301F-11D3-BF4B-00C04F79EFBC}") = "BaiIvan", "BaiIvan\BaiIvan.csproj", "{4FD14D93-8D4C-4BBF-9B85-093F1D9C41D1}"
EndProject
Project("{FAE04EC0-301F-11D3-BF4B-00C04F79EFBC}") = "Renewal", "Renewal\Renewal.csproj", "{996B6583-C846-4CBB-9939-E00C1AD82BCE}"
EndProject
Project("{FAE04EC0-301F-11D3-BF4B-00C04F79EFBC}") = "ShortestPath", "ShortestPath\ShortestPath.csproj", "{1265E9BB-6153-41A2-A0DA-F1195A9455ED}"
EndProject
Project("{FAE04EC0-301F-11D3-BF4B-00C04F79EFBC}") = "VeganBodyBuilder", "VeganBodyBuilder\VeganBodyBuilder.csproj", "{5F5E68CA-AEE7-4EF7-A739-A511CA199B3C}"
EndProject
Project("{FAE04EC0-301F-11D3-BF4B-00C04F79EFBC}") = "MSTBridges", "MSTBridges\MSTBridges.csproj", "{0A5A7A18-F778-40AF-8A4D-42C215BEA514}"
EndProject
Project("{FAE04EC0-301F-11D3-BF4B-00C04F79EFBC}") = "Words", "Words\Words.csproj", "{B8502D77-535D-4D0B-89D5-E090745F58F8}"
EndProject
Project("{FAE04EC0-301F-11D3-BF4B-00C04F79EFBC}") = "Market", "Market\Market.csproj", "{5F9635C8-F58D-43EE-B560-4AD1B78976CE}"
EndProject
Project("{FAE04EC0-301F-11D3-BF4B-00C04F79EFBC}") = "PlayerRanking", "PlayerRanking\PlayerRanking.csproj", "{73D7C86B-AC0D-4FE8-852D-2C159141B05B}"
EndProject
Project("{FAE04EC0-301F-11D3-BF4B-00C04F79EFBC}") = "GoldFever", "GoldFever\GoldFever.csproj", "{A16677CF-ACD6-4BF6-8186-7C0D6676FA6F}"
EndProject
Project("{FAE04EC0-301F-11D3-BF4B-00C04F79EFBC}") = "TheRingsOfTheAcademy", "TheRingsOfTheAcademy\TheRingsOfTheAcademy.csproj", "{010C8635-AE2F-44BF-8205-C552A23B06F6}"
EndProject
Project("{FAE04EC0-301F-11D3-BF4B-00C04F79EFBC}") = "Documentation", "Documentation\Documentation.csproj", "{1F110578-95F8-4880-A093-4C075089C9FC}"
EndProject
Project("{FAE04EC0-301F-11D3-BF4B-00C04F79EFBC}") = "Swapping", "Swapping\Swapping.csproj", "{C16805C1-23E6-4912-BEBB-773048A76314}"
EndProject
Project("{FAE04EC0-301F-11D3-BF4B-00C04F79EFBC}") = "Guards", "Guards\Guards.csproj", "{2C6479F8-27A1-4714-8D9D-1967969591E9}"
EndProject
Project("{2150E333-8FDC-42A3-9474-1A3956D46DE8}") = "Combinatorics", "Combinatorics", "{7C88B600-119C-4485-86DA-35F278594FDC}"
EndProject
Project("{2150E333-8FDC-42A3-9474-1A3956D46DE8}") = "BFS", "BFS", "{5AE58812-9AE8-4400-8356-56BCD4FB3733}"
EndProject
Project("{2150E333-8FDC-42A3-9474-1A3956D46DE8}") = "Recursion", "Recursion", "{55542CEB-BEF9-4EEE-8CD8-B20E17459AD0}"
EndProject
Project("{2150E333-8FDC-42A3-9474-1A3956D46DE8}") = "DataStructures", "DataStructures", "{2F0F9EEE-7D9E-4A15-BE67-C9FC7C8B705E}"
EndProject
Project("{2150E333-8FDC-42A3-9474-1A3956D46DE8}") = "MST", "MST", "{BB111BC9-3045-4C13-8EA6-730ABFE4D94D}"
EndProject
Project("{2150E333-8FDC-42A3-9474-1A3956D46DE8}") = "Dijkstra", "Dijkstra", "{D9BCDC3A-8D40-4EFE-97B5-5E191B7A11F9}"
EndProject
Project("{2150E333-8FDC-42A3-9474-1A3956D46DE8}") = "TopologicalSorting", "TopologicalSorting", "{B9C2AB5C-4C20-4C8B-9E7F-FBF8722556BD}"
EndProject
Project("{2150E333-8FDC-42A3-9474-1A3956D46DE8}") = "KnapSack", "KnapSack", "{FFDA07BE-36E0-4571-88E1-532525DC58A8}"
EndProject
Project("{2150E333-8FDC-42A3-9474-1A3956D46DE8}") = "Strings", "Strings", "{78AA3880-BE15-4B53-9798-76C166B5DEF2}"
EndProject
Project("{2150E333-8FDC-42A3-9474-1A3956D46DE8}") = "DP", "DP", "{0C449A64-6D23-42E9-B07D-C85B821A84D6}"
EndProject
Project("{FAE04EC0-301F-11D3-BF4B-00C04F79EFBC}") = "Conference", "Conference\Conference.csproj", "{21A29536-D43E-42AA-A79B-8C7BFA1820EB}"
EndProject
Project("{2150E333-8FDC-42A3-9474-1A3956D46DE8}") = "DFS", "DFS", "{BD52D9FD-4F11-4321-A43D-A00E673A41A5}"
EndProject
Project("{FAE04EC0-301F-11D3-BF4B-00C04F79EFBC}") = "HungryTom", "HungryTom\HungryTom.csproj", "{B54D8B82-0D53-4DD6-86E5-09D553AAA108}"
EndProject
Project("{FAE04EC0-301F-11D3-BF4B-00C04F79EFBC}") = "WoodenBoard", "WoodenBoard\WoodenBoard.csproj", "{C7A47ECD-F620-4C90-B1E5-322455F539D3}"
EndProject
Project("{FAE04EC0-301F-11D3-BF4B-00C04F79EFBC}") = "K-thMostFrequent", "K-thMostFrequent\K-thMostFrequent.csproj", "{77B1CFC8-B26A-4789-A0CF-9B9D9D422963}"
EndProject
Project("{FAE04EC0-301F-11D3-BF4B-00C04F79EFBC}") = "JungleTrees", "JungleTrees\JungleTrees.csproj", "{EBFBBB72-2286-4420-9D23-18C867943A2C}"
EndProject
Project("{2150E333-8FDC-42A3-9474-1A3956D46DE8}") = "ExamPart1", "ExamPart1", "{23DED48A-9460-40E6-A519-06D86D0DB288}"
EndProject
Project("{FAE04EC0-301F-11D3-BF4B-00C04F79EFBC}") = "Problem1", "Problem1\Problem1.csproj", "{39E0BD3C-E695-4933-BD78-DCE4D1498D6A}"
EndProject
Project("{FAE04EC0-301F-11D3-BF4B-00C04F79EFBC}") = "Medians", "Medians\Medians.csproj", "{532FFD5D-E90B-49FF-A7C5-1224C253CA56}"
EndProject
Project("{FAE04EC0-301F-11D3-BF4B-00C04F79EFBC}") = "Flies", "Flies\Flies.csproj", "{696D62FB-3C44-435B-B97E-C0702BF31CCA}"
EndProject
Project("{FAE04EC0-301F-11D3-BF4B-00C04F79EFBC}") = "ColoredBeads", "ColoredBeads\ColoredBeads.csproj", "{295A8AB4-B49C-4FB2-92DB-D6D88D044544}"
EndProject
Project("{FAE04EC0-301F-11D3-BF4B-00C04F79EFBC}") = "Cheaters", "cheaters\Cheaters.csproj", "{66B88DBC-138C-4FFA-955A-41A1F75980D8}"
EndProject
Project("{FAE04EC0-301F-11D3-BF4B-00C04F79EFBC}") = "MinMaxSum", "MinMaxSum\MinMaxSum.csproj", "{3552E3AC-69C0-430F-AD43-085C54C55FD4}"
EndProject
Global
	GlobalSection(SolutionConfigurationPlatforms) = preSolution
		Debug|Any CPU = Debug|Any CPU
		Release|Any CPU = Release|Any CPU
	EndGlobalSection
	GlobalSection(ProjectConfigurationPlatforms) = postSolution
		{253EA5F0-ED38-4640-995A-A2C89A8F87CE}.Debug|Any CPU.ActiveCfg = Debug|Any CPU
		{253EA5F0-ED38-4640-995A-A2C89A8F87CE}.Debug|Any CPU.Build.0 = Debug|Any CPU
		{253EA5F0-ED38-4640-995A-A2C89A8F87CE}.Release|Any CPU.ActiveCfg = Release|Any CPU
		{253EA5F0-ED38-4640-995A-A2C89A8F87CE}.Release|Any CPU.Build.0 = Release|Any CPU
		{ECFF480F-DC4F-447C-BDD8-B73E7B516992}.Debug|Any CPU.ActiveCfg = Debug|Any CPU
		{ECFF480F-DC4F-447C-BDD8-B73E7B516992}.Debug|Any CPU.Build.0 = Debug|Any CPU
		{ECFF480F-DC4F-447C-BDD8-B73E7B516992}.Release|Any CPU.ActiveCfg = Release|Any CPU
		{ECFF480F-DC4F-447C-BDD8-B73E7B516992}.Release|Any CPU.Build.0 = Release|Any CPU
		{173FDAFC-44E4-4249-ADF9-6894812D8346}.Debug|Any CPU.ActiveCfg = Debug|Any CPU
		{173FDAFC-44E4-4249-ADF9-6894812D8346}.Debug|Any CPU.Build.0 = Debug|Any CPU
		{173FDAFC-44E4-4249-ADF9-6894812D8346}.Release|Any CPU.ActiveCfg = Release|Any CPU
		{173FDAFC-44E4-4249-ADF9-6894812D8346}.Release|Any CPU.Build.0 = Release|Any CPU
		{A26FFC9D-F6F6-45FA-AB1C-BEB6B3E4CA1C}.Debug|Any CPU.ActiveCfg = Debug|Any CPU
		{A26FFC9D-F6F6-45FA-AB1C-BEB6B3E4CA1C}.Debug|Any CPU.Build.0 = Debug|Any CPU
		{A26FFC9D-F6F6-45FA-AB1C-BEB6B3E4CA1C}.Release|Any CPU.ActiveCfg = Release|Any CPU
		{A26FFC9D-F6F6-45FA-AB1C-BEB6B3E4CA1C}.Release|Any CPU.Build.0 = Release|Any CPU
		{7106BD2B-A0B5-4386-8F76-A51182BA2344}.Debug|Any CPU.ActiveCfg = Debug|Any CPU
		{7106BD2B-A0B5-4386-8F76-A51182BA2344}.Debug|Any CPU.Build.0 = Debug|Any CPU
		{7106BD2B-A0B5-4386-8F76-A51182BA2344}.Release|Any CPU.ActiveCfg = Release|Any CPU
		{7106BD2B-A0B5-4386-8F76-A51182BA2344}.Release|Any CPU.Build.0 = Release|Any CPU
		{30D9C440-8062-46EB-995E-BB7F98C52069}.Debug|Any CPU.ActiveCfg = Debug|Any CPU
		{30D9C440-8062-46EB-995E-BB7F98C52069}.Debug|Any CPU.Build.0 = Debug|Any CPU
		{30D9C440-8062-46EB-995E-BB7F98C52069}.Release|Any CPU.ActiveCfg = Release|Any CPU
		{30D9C440-8062-46EB-995E-BB7F98C52069}.Release|Any CPU.Build.0 = Release|Any CPU
		{58BA6166-5BDC-49D9-8C7D-C542C96D977D}.Debug|Any CPU.ActiveCfg = Debug|Any CPU
		{58BA6166-5BDC-49D9-8C7D-C542C96D977D}.Debug|Any CPU.Build.0 = Debug|Any CPU
		{58BA6166-5BDC-49D9-8C7D-C542C96D977D}.Release|Any CPU.ActiveCfg = Release|Any CPU
		{58BA6166-5BDC-49D9-8C7D-C542C96D977D}.Release|Any CPU.Build.0 = Release|Any CPU
		{0E79395C-FCDF-4D6E-80FF-F988BC3A612E}.Debug|Any CPU.ActiveCfg = Debug|Any CPU
		{0E79395C-FCDF-4D6E-80FF-F988BC3A612E}.Debug|Any CPU.Build.0 = Debug|Any CPU
		{0E79395C-FCDF-4D6E-80FF-F988BC3A612E}.Release|Any CPU.ActiveCfg = Release|Any CPU
		{0E79395C-FCDF-4D6E-80FF-F988BC3A612E}.Release|Any CPU.Build.0 = Release|Any CPU
		{A2ED75A5-4139-450B-B00A-32475A382C46}.Debug|Any CPU.ActiveCfg = Debug|Any CPU
		{A2ED75A5-4139-450B-B00A-32475A382C46}.Debug|Any CPU.Build.0 = Debug|Any CPU
		{A2ED75A5-4139-450B-B00A-32475A382C46}.Release|Any CPU.ActiveCfg = Release|Any CPU
		{A2ED75A5-4139-450B-B00A-32475A382C46}.Release|Any CPU.Build.0 = Release|Any CPU
		{34955C5F-FA3A-4943-B6E3-7B730155D866}.Debug|Any CPU.ActiveCfg = Debug|Any CPU
		{34955C5F-FA3A-4943-B6E3-7B730155D866}.Debug|Any CPU.Build.0 = Debug|Any CPU
		{34955C5F-FA3A-4943-B6E3-7B730155D866}.Release|Any CPU.ActiveCfg = Release|Any CPU
		{34955C5F-FA3A-4943-B6E3-7B730155D866}.Release|Any CPU.Build.0 = Release|Any CPU
		{7B6075A9-B3C2-448A-ABC5-FB95B16839DF}.Debug|Any CPU.ActiveCfg = Debug|Any CPU
		{7B6075A9-B3C2-448A-ABC5-FB95B16839DF}.Debug|Any CPU.Build.0 = Debug|Any CPU
		{7B6075A9-B3C2-448A-ABC5-FB95B16839DF}.Release|Any CPU.ActiveCfg = Release|Any CPU
		{7B6075A9-B3C2-448A-ABC5-FB95B16839DF}.Release|Any CPU.Build.0 = Release|Any CPU
		{21981F83-9D14-4A4D-9DD8-A0CD270AA241}.Debug|Any CPU.ActiveCfg = Debug|Any CPU
		{21981F83-9D14-4A4D-9DD8-A0CD270AA241}.Debug|Any CPU.Build.0 = Debug|Any CPU
		{21981F83-9D14-4A4D-9DD8-A0CD270AA241}.Release|Any CPU.ActiveCfg = Release|Any CPU
		{21981F83-9D14-4A4D-9DD8-A0CD270AA241}.Release|Any CPU.Build.0 = Release|Any CPU
		{663E6B72-2FC2-4520-8F46-39C27E17B292}.Debug|Any CPU.ActiveCfg = Debug|Any CPU
		{663E6B72-2FC2-4520-8F46-39C27E17B292}.Debug|Any CPU.Build.0 = Debug|Any CPU
		{663E6B72-2FC2-4520-8F46-39C27E17B292}.Release|Any CPU.ActiveCfg = Release|Any CPU
		{663E6B72-2FC2-4520-8F46-39C27E17B292}.Release|Any CPU.Build.0 = Release|Any CPU
		{F570BC83-8AD4-4688-BF96-362604694070}.Debug|Any CPU.ActiveCfg = Debug|Any CPU
		{F570BC83-8AD4-4688-BF96-362604694070}.Debug|Any CPU.Build.0 = Debug|Any CPU
		{F570BC83-8AD4-4688-BF96-362604694070}.Release|Any CPU.ActiveCfg = Release|Any CPU
		{F570BC83-8AD4-4688-BF96-362604694070}.Release|Any CPU.Build.0 = Release|Any CPU
		{6D462E70-F85C-4760-A066-D142C0B691F7}.Debug|Any CPU.ActiveCfg = Debug|Any CPU
		{6D462E70-F85C-4760-A066-D142C0B691F7}.Debug|Any CPU.Build.0 = Debug|Any CPU
		{6D462E70-F85C-4760-A066-D142C0B691F7}.Release|Any CPU.ActiveCfg = Release|Any CPU
		{6D462E70-F85C-4760-A066-D142C0B691F7}.Release|Any CPU.Build.0 = Release|Any CPU
		{09B74A72-2C12-4DAB-AB3C-A916DB902C9F}.Debug|Any CPU.ActiveCfg = Debug|Any CPU
		{09B74A72-2C12-4DAB-AB3C-A916DB902C9F}.Debug|Any CPU.Build.0 = Debug|Any CPU
		{09B74A72-2C12-4DAB-AB3C-A916DB902C9F}.Release|Any CPU.ActiveCfg = Release|Any CPU
		{09B74A72-2C12-4DAB-AB3C-A916DB902C9F}.Release|Any CPU.Build.0 = Release|Any CPU
		{34CC560F-DCB6-4B36-9660-AF52ACAE84A1}.Debug|Any CPU.ActiveCfg = Debug|Any CPU
		{34CC560F-DCB6-4B36-9660-AF52ACAE84A1}.Debug|Any CPU.Build.0 = Debug|Any CPU
		{34CC560F-DCB6-4B36-9660-AF52ACAE84A1}.Release|Any CPU.ActiveCfg = Release|Any CPU
		{34CC560F-DCB6-4B36-9660-AF52ACAE84A1}.Release|Any CPU.Build.0 = Release|Any CPU
		{8A15D147-D6DF-4CB8-9196-147B71C144C8}.Debug|Any CPU.ActiveCfg = Debug|Any CPU
		{8A15D147-D6DF-4CB8-9196-147B71C144C8}.Debug|Any CPU.Build.0 = Debug|Any CPU
		{8A15D147-D6DF-4CB8-9196-147B71C144C8}.Release|Any CPU.ActiveCfg = Release|Any CPU
		{8A15D147-D6DF-4CB8-9196-147B71C144C8}.Release|Any CPU.Build.0 = Release|Any CPU
		{292D4241-BBE6-42F7-AAC9-F987C0D0D9DC}.Debug|Any CPU.ActiveCfg = Debug|Any CPU
		{292D4241-BBE6-42F7-AAC9-F987C0D0D9DC}.Debug|Any CPU.Build.0 = Debug|Any CPU
		{292D4241-BBE6-42F7-AAC9-F987C0D0D9DC}.Release|Any CPU.ActiveCfg = Release|Any CPU
		{292D4241-BBE6-42F7-AAC9-F987C0D0D9DC}.Release|Any CPU.Build.0 = Release|Any CPU
		{F4E04807-56A0-4857-9241-A60BB5168ED4}.Debug|Any CPU.ActiveCfg = Debug|Any CPU
		{F4E04807-56A0-4857-9241-A60BB5168ED4}.Debug|Any CPU.Build.0 = Debug|Any CPU
		{F4E04807-56A0-4857-9241-A60BB5168ED4}.Release|Any CPU.ActiveCfg = Release|Any CPU
		{F4E04807-56A0-4857-9241-A60BB5168ED4}.Release|Any CPU.Build.0 = Release|Any CPU
		{EC260126-EC47-46DC-99F4-DDE0486D123B}.Debug|Any CPU.ActiveCfg = Debug|Any CPU
		{EC260126-EC47-46DC-99F4-DDE0486D123B}.Debug|Any CPU.Build.0 = Debug|Any CPU
		{EC260126-EC47-46DC-99F4-DDE0486D123B}.Release|Any CPU.ActiveCfg = Release|Any CPU
		{EC260126-EC47-46DC-99F4-DDE0486D123B}.Release|Any CPU.Build.0 = Release|Any CPU
		{62CFCB2A-D291-4172-9CF4-C14B873A6A09}.Debug|Any CPU.ActiveCfg = Debug|Any CPU
		{62CFCB2A-D291-4172-9CF4-C14B873A6A09}.Debug|Any CPU.Build.0 = Debug|Any CPU
		{62CFCB2A-D291-4172-9CF4-C14B873A6A09}.Release|Any CPU.ActiveCfg = Release|Any CPU
		{62CFCB2A-D291-4172-9CF4-C14B873A6A09}.Release|Any CPU.Build.0 = Release|Any CPU
		{784B544A-CC0B-4DE4-9218-03EE329C71BF}.Debug|Any CPU.ActiveCfg = Debug|Any CPU
		{784B544A-CC0B-4DE4-9218-03EE329C71BF}.Debug|Any CPU.Build.0 = Debug|Any CPU
		{784B544A-CC0B-4DE4-9218-03EE329C71BF}.Release|Any CPU.ActiveCfg = Release|Any CPU
		{784B544A-CC0B-4DE4-9218-03EE329C71BF}.Release|Any CPU.Build.0 = Release|Any CPU
		{7083C8F2-90F9-44F2-8735-F17BDB0189A2}.Debug|Any CPU.ActiveCfg = Debug|Any CPU
		{7083C8F2-90F9-44F2-8735-F17BDB0189A2}.Debug|Any CPU.Build.0 = Debug|Any CPU
		{7083C8F2-90F9-44F2-8735-F17BDB0189A2}.Release|Any CPU.ActiveCfg = Release|Any CPU
		{7083C8F2-90F9-44F2-8735-F17BDB0189A2}.Release|Any CPU.Build.0 = Release|Any CPU
		{57242FD7-2D39-4BAB-89F9-B3E954D167D9}.Debug|Any CPU.ActiveCfg = Debug|Any CPU
		{57242FD7-2D39-4BAB-89F9-B3E954D167D9}.Debug|Any CPU.Build.0 = Debug|Any CPU
		{57242FD7-2D39-4BAB-89F9-B3E954D167D9}.Release|Any CPU.ActiveCfg = Release|Any CPU
		{57242FD7-2D39-4BAB-89F9-B3E954D167D9}.Release|Any CPU.Build.0 = Release|Any CPU
		{824EC60C-AE24-4471-8A54-4CB3928AFA90}.Debug|Any CPU.ActiveCfg = Debug|Any CPU
		{824EC60C-AE24-4471-8A54-4CB3928AFA90}.Debug|Any CPU.Build.0 = Debug|Any CPU
		{824EC60C-AE24-4471-8A54-4CB3928AFA90}.Release|Any CPU.ActiveCfg = Release|Any CPU
		{824EC60C-AE24-4471-8A54-4CB3928AFA90}.Release|Any CPU.Build.0 = Release|Any CPU
		{EA988051-1FAF-47CE-9A03-D09A7616542B}.Debug|Any CPU.ActiveCfg = Debug|Any CPU
		{EA988051-1FAF-47CE-9A03-D09A7616542B}.Debug|Any CPU.Build.0 = Debug|Any CPU
		{EA988051-1FAF-47CE-9A03-D09A7616542B}.Release|Any CPU.ActiveCfg = Release|Any CPU
		{EA988051-1FAF-47CE-9A03-D09A7616542B}.Release|Any CPU.Build.0 = Release|Any CPU
		{4FD14D93-8D4C-4BBF-9B85-093F1D9C41D1}.Debug|Any CPU.ActiveCfg = Debug|Any CPU
		{4FD14D93-8D4C-4BBF-9B85-093F1D9C41D1}.Debug|Any CPU.Build.0 = Debug|Any CPU
		{4FD14D93-8D4C-4BBF-9B85-093F1D9C41D1}.Release|Any CPU.ActiveCfg = Release|Any CPU
		{4FD14D93-8D4C-4BBF-9B85-093F1D9C41D1}.Release|Any CPU.Build.0 = Release|Any CPU
		{996B6583-C846-4CBB-9939-E00C1AD82BCE}.Debug|Any CPU.ActiveCfg = Debug|Any CPU
		{996B6583-C846-4CBB-9939-E00C1AD82BCE}.Debug|Any CPU.Build.0 = Debug|Any CPU
		{996B6583-C846-4CBB-9939-E00C1AD82BCE}.Release|Any CPU.ActiveCfg = Release|Any CPU
		{996B6583-C846-4CBB-9939-E00C1AD82BCE}.Release|Any CPU.Build.0 = Release|Any CPU
		{1265E9BB-6153-41A2-A0DA-F1195A9455ED}.Debug|Any CPU.ActiveCfg = Debug|Any CPU
		{1265E9BB-6153-41A2-A0DA-F1195A9455ED}.Debug|Any CPU.Build.0 = Debug|Any CPU
		{1265E9BB-6153-41A2-A0DA-F1195A9455ED}.Release|Any CPU.ActiveCfg = Release|Any CPU
		{1265E9BB-6153-41A2-A0DA-F1195A9455ED}.Release|Any CPU.Build.0 = Release|Any CPU
		{5F5E68CA-AEE7-4EF7-A739-A511CA199B3C}.Debug|Any CPU.ActiveCfg = Debug|Any CPU
		{5F5E68CA-AEE7-4EF7-A739-A511CA199B3C}.Debug|Any CPU.Build.0 = Debug|Any CPU
		{5F5E68CA-AEE7-4EF7-A739-A511CA199B3C}.Release|Any CPU.ActiveCfg = Release|Any CPU
		{5F5E68CA-AEE7-4EF7-A739-A511CA199B3C}.Release|Any CPU.Build.0 = Release|Any CPU
		{0A5A7A18-F778-40AF-8A4D-42C215BEA514}.Debug|Any CPU.ActiveCfg = Debug|Any CPU
		{0A5A7A18-F778-40AF-8A4D-42C215BEA514}.Debug|Any CPU.Build.0 = Debug|Any CPU
		{0A5A7A18-F778-40AF-8A4D-42C215BEA514}.Release|Any CPU.ActiveCfg = Release|Any CPU
		{0A5A7A18-F778-40AF-8A4D-42C215BEA514}.Release|Any CPU.Build.0 = Release|Any CPU
		{B8502D77-535D-4D0B-89D5-E090745F58F8}.Debug|Any CPU.ActiveCfg = Debug|Any CPU
		{B8502D77-535D-4D0B-89D5-E090745F58F8}.Debug|Any CPU.Build.0 = Debug|Any CPU
		{B8502D77-535D-4D0B-89D5-E090745F58F8}.Release|Any CPU.ActiveCfg = Release|Any CPU
		{B8502D77-535D-4D0B-89D5-E090745F58F8}.Release|Any CPU.Build.0 = Release|Any CPU
		{5F9635C8-F58D-43EE-B560-4AD1B78976CE}.Debug|Any CPU.ActiveCfg = Debug|Any CPU
		{5F9635C8-F58D-43EE-B560-4AD1B78976CE}.Debug|Any CPU.Build.0 = Debug|Any CPU
		{5F9635C8-F58D-43EE-B560-4AD1B78976CE}.Release|Any CPU.ActiveCfg = Release|Any CPU
		{5F9635C8-F58D-43EE-B560-4AD1B78976CE}.Release|Any CPU.Build.0 = Release|Any CPU
		{73D7C86B-AC0D-4FE8-852D-2C159141B05B}.Debug|Any CPU.ActiveCfg = Debug|Any CPU
		{73D7C86B-AC0D-4FE8-852D-2C159141B05B}.Debug|Any CPU.Build.0 = Debug|Any CPU
		{73D7C86B-AC0D-4FE8-852D-2C159141B05B}.Release|Any CPU.ActiveCfg = Release|Any CPU
		{73D7C86B-AC0D-4FE8-852D-2C159141B05B}.Release|Any CPU.Build.0 = Release|Any CPU
		{A16677CF-ACD6-4BF6-8186-7C0D6676FA6F}.Debug|Any CPU.ActiveCfg = Debug|Any CPU
		{A16677CF-ACD6-4BF6-8186-7C0D6676FA6F}.Debug|Any CPU.Build.0 = Debug|Any CPU
		{A16677CF-ACD6-4BF6-8186-7C0D6676FA6F}.Release|Any CPU.ActiveCfg = Release|Any CPU
		{A16677CF-ACD6-4BF6-8186-7C0D6676FA6F}.Release|Any CPU.Build.0 = Release|Any CPU
		{010C8635-AE2F-44BF-8205-C552A23B06F6}.Debug|Any CPU.ActiveCfg = Debug|Any CPU
		{010C8635-AE2F-44BF-8205-C552A23B06F6}.Debug|Any CPU.Build.0 = Debug|Any CPU
		{010C8635-AE2F-44BF-8205-C552A23B06F6}.Release|Any CPU.ActiveCfg = Release|Any CPU
		{010C8635-AE2F-44BF-8205-C552A23B06F6}.Release|Any CPU.Build.0 = Release|Any CPU
		{1F110578-95F8-4880-A093-4C075089C9FC}.Debug|Any CPU.ActiveCfg = Debug|Any CPU
		{1F110578-95F8-4880-A093-4C075089C9FC}.Debug|Any CPU.Build.0 = Debug|Any CPU
		{1F110578-95F8-4880-A093-4C075089C9FC}.Release|Any CPU.ActiveCfg = Release|Any CPU
		{1F110578-95F8-4880-A093-4C075089C9FC}.Release|Any CPU.Build.0 = Release|Any CPU
		{C16805C1-23E6-4912-BEBB-773048A76314}.Debug|Any CPU.ActiveCfg = Debug|Any CPU
		{C16805C1-23E6-4912-BEBB-773048A76314}.Debug|Any CPU.Build.0 = Debug|Any CPU
		{C16805C1-23E6-4912-BEBB-773048A76314}.Release|Any CPU.ActiveCfg = Release|Any CPU
		{C16805C1-23E6-4912-BEBB-773048A76314}.Release|Any CPU.Build.0 = Release|Any CPU
		{2C6479F8-27A1-4714-8D9D-1967969591E9}.Debug|Any CPU.ActiveCfg = Debug|Any CPU
		{2C6479F8-27A1-4714-8D9D-1967969591E9}.Debug|Any CPU.Build.0 = Debug|Any CPU
		{2C6479F8-27A1-4714-8D9D-1967969591E9}.Release|Any CPU.ActiveCfg = Release|Any CPU
		{2C6479F8-27A1-4714-8D9D-1967969591E9}.Release|Any CPU.Build.0 = Release|Any CPU
		{21A29536-D43E-42AA-A79B-8C7BFA1820EB}.Debug|Any CPU.ActiveCfg = Debug|Any CPU
		{21A29536-D43E-42AA-A79B-8C7BFA1820EB}.Debug|Any CPU.Build.0 = Debug|Any CPU
		{21A29536-D43E-42AA-A79B-8C7BFA1820EB}.Release|Any CPU.ActiveCfg = Release|Any CPU
		{21A29536-D43E-42AA-A79B-8C7BFA1820EB}.Release|Any CPU.Build.0 = Release|Any CPU
		{B54D8B82-0D53-4DD6-86E5-09D553AAA108}.Debug|Any CPU.ActiveCfg = Debug|Any CPU
		{B54D8B82-0D53-4DD6-86E5-09D553AAA108}.Debug|Any CPU.Build.0 = Debug|Any CPU
		{B54D8B82-0D53-4DD6-86E5-09D553AAA108}.Release|Any CPU.ActiveCfg = Release|Any CPU
		{B54D8B82-0D53-4DD6-86E5-09D553AAA108}.Release|Any CPU.Build.0 = Release|Any CPU
		{C7A47ECD-F620-4C90-B1E5-322455F539D3}.Debug|Any CPU.ActiveCfg = Debug|Any CPU
		{C7A47ECD-F620-4C90-B1E5-322455F539D3}.Debug|Any CPU.Build.0 = Debug|Any CPU
		{C7A47ECD-F620-4C90-B1E5-322455F539D3}.Release|Any CPU.ActiveCfg = Release|Any CPU
		{C7A47ECD-F620-4C90-B1E5-322455F539D3}.Release|Any CPU.Build.0 = Release|Any CPU
		{77B1CFC8-B26A-4789-A0CF-9B9D9D422963}.Debug|Any CPU.ActiveCfg = Debug|Any CPU
		{77B1CFC8-B26A-4789-A0CF-9B9D9D422963}.Debug|Any CPU.Build.0 = Debug|Any CPU
		{77B1CFC8-B26A-4789-A0CF-9B9D9D422963}.Release|Any CPU.ActiveCfg = Release|Any CPU
		{77B1CFC8-B26A-4789-A0CF-9B9D9D422963}.Release|Any CPU.Build.0 = Release|Any CPU
		{EBFBBB72-2286-4420-9D23-18C867943A2C}.Debug|Any CPU.ActiveCfg = Debug|Any CPU
		{EBFBBB72-2286-4420-9D23-18C867943A2C}.Debug|Any CPU.Build.0 = Debug|Any CPU
		{EBFBBB72-2286-4420-9D23-18C867943A2C}.Release|Any CPU.ActiveCfg = Release|Any CPU
		{EBFBBB72-2286-4420-9D23-18C867943A2C}.Release|Any CPU.Build.0 = Release|Any CPU
		{39E0BD3C-E695-4933-BD78-DCE4D1498D6A}.Debug|Any CPU.ActiveCfg = Debug|Any CPU
		{39E0BD3C-E695-4933-BD78-DCE4D1498D6A}.Debug|Any CPU.Build.0 = Debug|Any CPU
		{39E0BD3C-E695-4933-BD78-DCE4D1498D6A}.Release|Any CPU.ActiveCfg = Release|Any CPU
		{39E0BD3C-E695-4933-BD78-DCE4D1498D6A}.Release|Any CPU.Build.0 = Release|Any CPU
		{532FFD5D-E90B-49FF-A7C5-1224C253CA56}.Debug|Any CPU.ActiveCfg = Debug|Any CPU
		{532FFD5D-E90B-49FF-A7C5-1224C253CA56}.Debug|Any CPU.Build.0 = Debug|Any CPU
		{532FFD5D-E90B-49FF-A7C5-1224C253CA56}.Release|Any CPU.ActiveCfg = Release|Any CPU
		{532FFD5D-E90B-49FF-A7C5-1224C253CA56}.Release|Any CPU.Build.0 = Release|Any CPU
		{696D62FB-3C44-435B-B97E-C0702BF31CCA}.Debug|Any CPU.ActiveCfg = Debug|Any CPU
		{696D62FB-3C44-435B-B97E-C0702BF31CCA}.Debug|Any CPU.Build.0 = Debug|Any CPU
		{696D62FB-3C44-435B-B97E-C0702BF31CCA}.Release|Any CPU.ActiveCfg = Release|Any CPU
		{696D62FB-3C44-435B-B97E-C0702BF31CCA}.Release|Any CPU.Build.0 = Release|Any CPU
		{295A8AB4-B49C-4FB2-92DB-D6D88D044544}.Debug|Any CPU.ActiveCfg = Debug|Any CPU
		{295A8AB4-B49C-4FB2-92DB-D6D88D044544}.Debug|Any CPU.Build.0 = Debug|Any CPU
		{295A8AB4-B49C-4FB2-92DB-D6D88D044544}.Release|Any CPU.ActiveCfg = Release|Any CPU
		{295A8AB4-B49C-4FB2-92DB-D6D88D044544}.Release|Any CPU.Build.0 = Release|Any CPU
		{66B88DBC-138C-4FFA-955A-41A1F75980D8}.Debug|Any CPU.ActiveCfg = Debug|Any CPU
		{66B88DBC-138C-4FFA-955A-41A1F75980D8}.Debug|Any CPU.Build.0 = Debug|Any CPU
		{66B88DBC-138C-4FFA-955A-41A1F75980D8}.Release|Any CPU.ActiveCfg = Release|Any CPU
		{66B88DBC-138C-4FFA-955A-41A1F75980D8}.Release|Any CPU.Build.0 = Release|Any CPU
		{3552E3AC-69C0-430F-AD43-085C54C55FD4}.Debug|Any CPU.ActiveCfg = Debug|Any CPU
		{3552E3AC-69C0-430F-AD43-085C54C55FD4}.Debug|Any CPU.Build.0 = Debug|Any CPU
		{3552E3AC-69C0-430F-AD43-085C54C55FD4}.Release|Any CPU.ActiveCfg = Release|Any CPU
		{3552E3AC-69C0-430F-AD43-085C54C55FD4}.Release|Any CPU.Build.0 = Release|Any CPU
	EndGlobalSection
	GlobalSection(SolutionProperties) = preSolution
		HideSolutionNode = FALSE
	EndGlobalSection
	GlobalSection(NestedProjects) = preSolution
		{253EA5F0-ED38-4640-995A-A2C89A8F87CE} = {55542CEB-BEF9-4EEE-8CD8-B20E17459AD0}
		{ECFF480F-DC4F-447C-BDD8-B73E7B516992} = {7C88B600-119C-4485-86DA-35F278594FDC}
		{173FDAFC-44E4-4249-ADF9-6894812D8346} = {0C449A64-6D23-42E9-B07D-C85B821A84D6}
		{A26FFC9D-F6F6-45FA-AB1C-BEB6B3E4CA1C} = {5AE58812-9AE8-4400-8356-56BCD4FB3733}
		{7106BD2B-A0B5-4386-8F76-A51182BA2344} = {7C88B600-119C-4485-86DA-35F278594FDC}
		{30D9C440-8062-46EB-995E-BB7F98C52069} = {5AE58812-9AE8-4400-8356-56BCD4FB3733}
		{58BA6166-5BDC-49D9-8C7D-C542C96D977D} = {7C88B600-119C-4485-86DA-35F278594FDC}
		{0E79395C-FCDF-4D6E-80FF-F988BC3A612E} = {7C88B600-119C-4485-86DA-35F278594FDC}
		{A2ED75A5-4139-450B-B00A-32475A382C46} = {7C88B600-119C-4485-86DA-35F278594FDC}
		{34955C5F-FA3A-4943-B6E3-7B730155D866} = {7C88B600-119C-4485-86DA-35F278594FDC}
		{7B6075A9-B3C2-448A-ABC5-FB95B16839DF} = {0C449A64-6D23-42E9-B07D-C85B821A84D6}
		{21981F83-9D14-4A4D-9DD8-A0CD270AA241} = {0C449A64-6D23-42E9-B07D-C85B821A84D6}
		{663E6B72-2FC2-4520-8F46-39C27E17B292} = {0C449A64-6D23-42E9-B07D-C85B821A84D6}
		{F570BC83-8AD4-4688-BF96-362604694070} = {5AE58812-9AE8-4400-8356-56BCD4FB3733}
		{6D462E70-F85C-4760-A066-D142C0B691F7} = {2F0F9EEE-7D9E-4A15-BE67-C9FC7C8B705E}
		{09B74A72-2C12-4DAB-AB3C-A916DB902C9F} = {B9C2AB5C-4C20-4C8B-9E7F-FBF8722556BD}
		{34CC560F-DCB6-4B36-9660-AF52ACAE84A1} = {0C449A64-6D23-42E9-B07D-C85B821A84D6}
		{8A15D147-D6DF-4CB8-9196-147B71C144C8} = {D9BCDC3A-8D40-4EFE-97B5-5E191B7A11F9}
		{292D4241-BBE6-42F7-AAC9-F987C0D0D9DC} = {2F0F9EEE-7D9E-4A15-BE67-C9FC7C8B705E}
		{F4E04807-56A0-4857-9241-A60BB5168ED4} = {55542CEB-BEF9-4EEE-8CD8-B20E17459AD0}
		{EC260126-EC47-46DC-99F4-DDE0486D123B} = {7C88B600-119C-4485-86DA-35F278594FDC}
		{62CFCB2A-D291-4172-9CF4-C14B873A6A09} = {7C88B600-119C-4485-86DA-35F278594FDC}
		{784B544A-CC0B-4DE4-9218-03EE329C71BF} = {55542CEB-BEF9-4EEE-8CD8-B20E17459AD0}
		{7083C8F2-90F9-44F2-8735-F17BDB0189A2} = {D9BCDC3A-8D40-4EFE-97B5-5E191B7A11F9}
		{57242FD7-2D39-4BAB-89F9-B3E954D167D9} = {5AE58812-9AE8-4400-8356-56BCD4FB3733}
		{824EC60C-AE24-4471-8A54-4CB3928AFA90} = {2F0F9EEE-7D9E-4A15-BE67-C9FC7C8B705E}
		{EA988051-1FAF-47CE-9A03-D09A7616542B} = {0C449A64-6D23-42E9-B07D-C85B821A84D6}
		{4FD14D93-8D4C-4BBF-9B85-093F1D9C41D1} = {55542CEB-BEF9-4EEE-8CD8-B20E17459AD0}
		{996B6583-C846-4CBB-9939-E00C1AD82BCE} = {BB111BC9-3045-4C13-8EA6-730ABFE4D94D}
		{1265E9BB-6153-41A2-A0DA-F1195A9455ED} = {7C88B600-119C-4485-86DA-35F278594FDC}
		{5F5E68CA-AEE7-4EF7-A739-A511CA199B3C} = {FFDA07BE-36E0-4571-88E1-532525DC58A8}
		{0A5A7A18-F778-40AF-8A4D-42C215BEA514} = {BB111BC9-3045-4C13-8EA6-730ABFE4D94D}
		{B8502D77-535D-4D0B-89D5-E090745F58F8} = {78AA3880-BE15-4B53-9798-76C166B5DEF2}
		{5F9635C8-F58D-43EE-B560-4AD1B78976CE} = {2F0F9EEE-7D9E-4A15-BE67-C9FC7C8B705E}
		{73D7C86B-AC0D-4FE8-852D-2C159141B05B} = {2F0F9EEE-7D9E-4A15-BE67-C9FC7C8B705E}
		{A16677CF-ACD6-4BF6-8186-7C0D6676FA6F} = {0C449A64-6D23-42E9-B07D-C85B821A84D6}
		{010C8635-AE2F-44BF-8205-C552A23B06F6} = {7C88B600-119C-4485-86DA-35F278594FDC}
		{1F110578-95F8-4880-A093-4C075089C9FC} = {0C449A64-6D23-42E9-B07D-C85B821A84D6}
		{C16805C1-23E6-4912-BEBB-773048A76314} = {2F0F9EEE-7D9E-4A15-BE67-C9FC7C8B705E}
		{2C6479F8-27A1-4714-8D9D-1967969591E9} = {0C449A64-6D23-42E9-B07D-C85B821A84D6}
		{21A29536-D43E-42AA-A79B-8C7BFA1820EB} = {BD52D9FD-4F11-4321-A43D-A00E673A41A5}
		{B54D8B82-0D53-4DD6-86E5-09D553AAA108} = {55542CEB-BEF9-4EEE-8CD8-B20E17459AD0}
		{C7A47ECD-F620-4C90-B1E5-322455F539D3} = {23DED48A-9460-40E6-A519-06D86D0DB288}
		{77B1CFC8-B26A-4789-A0CF-9B9D9D422963} = {23DED48A-9460-40E6-A519-06D86D0DB288}
		{EBFBBB72-2286-4420-9D23-18C867943A2C} = {23DED48A-9460-40E6-A519-06D86D0DB288}
	EndGlobalSection
EndGlobal
