
Microsoft Visual Studio Solution File, Format Version 12.00
# Visual Studio 14
VisualStudioVersion = 14.0.25420.1
MinimumVisualStudioVersion = 10.0.40219.1
Project("{FAE04EC0-301F-11D3-BF4B-00C04F79EFBC}") = "Portals", "Portals\Portals.csproj", "{253EA5F0-ED38-4640-995A-A2C89A8F87CE}"
EndProject
Project("{FAE04EC0-301F-11D3-BF4B-00C04F79EFBC}") = "GirlsGoneWild", "GirlsGoneWild\GirlsGoneWild.csproj", "{ECFF480F-DC4F-447C-BDD8-B73E7B516992}"
EndProject
Project("{FAE04EC0-301F-11D3-BF4B-00C04F79EFBC}") = "Towns", "Towns\Towns.csproj", "{173FDAFC-44E4-4249-ADF9-6894812D8346}"
EndProject
Project("{FAE04EC0-301F-11D3-BF4B-00C04F79EFBC}") = "Sorting", "Sorting\Sorting.csproj", "{A26FFC9D-F6F6-45FA-AB1C-BEB6B3E4CA1C}"
EndProject
Project("{FAE04EC0-301F-11D3-BF4B-00C04F79EFBC}") = "Frames", "Frames\Frames.csproj", "{7106BD2B-A0B5-4386-8F76-A51182BA2344}"
EndProject
Project("{FAE04EC0-301F-11D3-BF4B-00C04F79EFBC}") = "Horses", "Horses\Horses.csproj", "{30D9C440-8062-46EB-995E-BB7F98C52069}"
EndProject
Project("{FAE04EC0-301F-11D3-BF4B-00C04F79EFBC}") = "Divisors", "Divisors\Divisors.csproj", "{58BA6166-5BDC-49D9-8C7D-C542C96D977D}"
EndProject
Project("{FAE04EC0-301F-11D3-BF4B-00C04F79EFBC}") = "ColourBalls", "ColourBalls\ColourBalls.csproj", "{0E79395C-FCDF-4D6E-80FF-F988BC3A612E}"
EndProject
Project("{FAE04EC0-301F-11D3-BF4B-00C04F79EFBC}") = "Zig-Zag", "Zig-Zag\Zig-Zag.csproj", "{A2ED75A5-4139-450B-B00A-32475A382C46}"
EndProject
Project("{FAE04EC0-301F-11D3-BF4B-00C04F79EFBC}") = "SumOfSequences", "SumOfSequences\SumOfSequences.csproj", "{34955C5F-FA3A-4943-B6E3-7B730155D866}"
EndProject
Project("{FAE04EC0-301F-11D3-BF4B-00C04F79EFBC}") = "BitsTime", "BitsTime\BitsTime.csproj", "{7B6075A9-B3C2-448A-ABC5-FB95B16839DF}"
EndProject
Project("{FAE04EC0-301F-11D3-BF4B-00C04F79EFBC}") = "DogeCoin", "DogeCoin\DogeCoin.csproj", "{21981F83-9D14-4A4D-9DD8-A0CD270AA241}"
EndProject
Project("{FAE04EC0-301F-11D3-BF4B-00C04F79EFBC}") = "QuadronacciRectangle", "QuadronacciRectangle\QuadronacciRectangle.csproj", "{663E6B72-2FC2-4520-8F46-39C27E17B292}"
EndProject
Project("{FAE04EC0-301F-11D3-BF4B-00C04F79EFBC}") = "3DLabyrint", "3DLabyrint\3DLabyrint.csproj", "{F570BC83-8AD4-4688-BF96-362604694070}"
EndProject
Project("{FAE04EC0-301F-11D3-BF4B-00C04F79EFBC}") = "SuperMarketQueue", "SuperMarketQueue\SuperMarketQueue.csproj", "{6D462E70-F85C-4760-A066-D142C0B691F7}"
EndProject
Project("{FAE04EC0-301F-11D3-BF4B-00C04F79EFBC}") = "RecoverMessage", "RecoverMessage\RecoverMessage.csproj", "{09B74A72-2C12-4DAB-AB3C-A916DB902C9F}"
EndProject
Project("{FAE04EC0-301F-11D3-BF4B-00C04F79EFBC}") = "Businessmen", "Businessmen\Businessmen.csproj", "{34CC560F-DCB6-4B36-9660-AF52ACAE84A1}"
EndProject
Project("{FAE04EC0-301F-11D3-BF4B-00C04F79EFBC}") = "Friends", "Friends\Friends.csproj", "{8A15D147-D6DF-4CB8-9196-147B71C144C8}"
EndProject
Project("{FAE04EC0-301F-11D3-BF4B-00C04F79EFBC}") = "UnitsOfWork", "UnitsOfWork\UnitsOfWork.csproj", "{292D4241-BBE6-42F7-AAC9-F987C0D0D9DC}"
EndProject
Project("{FAE04EC0-301F-11D3-BF4B-00C04F79EFBC}") = "OfficeSpace", "OfficeSpace\OfficeSpace.csproj", "{F4E04807-56A0-4857-9241-A60BB5168ED4}"
EndProject
Project("{FAE04EC0-301F-11D3-BF4B-00C04F79EFBC}") = "Permutations", "Permutations\Permutations.csproj", "{EC260126-EC47-46DC-99F4-DDE0486D123B}"
EndProject
Project("{FAE04EC0-301F-11D3-BF4B-00C04F79EFBC}") = "MessageInBottle", "MessageInBottle\MessageInBottle.csproj", "{62CFCB2A-D291-4172-9CF4-C14B873A6A09}"
EndProject
Project("{FAE04EC0-301F-11D3-BF4B-00C04F79EFBC}") = "AcademyTasks", "AcademyTasks\AcademyTasks.csproj", "{784B544A-CC0B-4DE4-9218-03EE329C71BF}"
EndProject
Project("{FAE04EC0-301F-11D3-BF4B-00C04F79EFBC}") = "FriendsInNeed", "FriendsInNeed\FriendsInNeed.csproj", "{7083C8F2-90F9-44F2-8735-F17BDB0189A2}"
EndProject
Project("{FAE04EC0-301F-11D3-BF4B-00C04F79EFBC}") = "RiskWinsRiskLoses", "RiskWinsRiskLoses\RiskWinsRiskLoses.csproj", "{57242FD7-2D39-4BAB-89F9-B3E954D167D9}"
EndProject
Project("{FAE04EC0-301F-11D3-BF4B-00C04F79EFBC}") = "ShoppingCenter", "ShoppingCenter\ShoppingCenter.csproj", "{824EC60C-AE24-4471-8A54-4CB3928AFA90}"
EndProject
Project("{FAE04EC0-301F-11D3-BF4B-00C04F79EFBC}") = "Election", "Election\Election.csproj", "{EA988051-1FAF-47CE-9A03-D09A7616542B}"
EndProject
Project("{FAE04EC0-301F-11D3-BF4B-00C04F79EFBC}") = "BaiIvan", "BaiIvan\BaiIvan.csproj", "{4FD14D93-8D4C-4BBF-9B85-093F1D9C41D1}"
EndProject
Project("{FAE04EC0-301F-11D3-BF4B-00C04F79EFBC}") = "Renewal", "Renewal\Renewal.csproj", "{996B6583-C846-4CBB-9939-E00C1AD82BCE}"
EndProject
Project("{FAE04EC0-301F-11D3-BF4B-00C04F79EFBC}") = "ShortestPath", "ShortestPath\ShortestPath.csproj", "{1265E9BB-6153-41A2-A0DA-F1195A9455ED}"
EndProject
Project("{FAE04EC0-301F-11D3-BF4B-00C04F79EFBC}") = "VeganBodyBuilder", "VeganBodyBuilder\VeganBodyBuilder.csproj", "{5F5E68CA-AEE7-4EF7-A739-A511CA199B3C}"
EndProject
Project("{FAE04EC0-301F-11D3-BF4B-00C04F79EFBC}") = "MSTBridges", "MSTBridges\MSTBridges.csproj", "{0A5A7A18-F778-40AF-8A4D-42C215BEA514}"
EndProject
Project("{FAE04EC0-301F-11D3-BF4B-00C04F79EFBC}") = "Words", "Words\Words.csproj", "{B8502D77-535D-4D0B-89D5-E090745F58F8}"
EndProject
Project("{FAE04EC0-301F-11D3-BF4B-00C04F79EFBC}") = "Market", "Market\Market.csproj", "{5F9635C8-F58D-43EE-B560-4AD1B78976CE}"
EndProject
Project("{FAE04EC0-301F-11D3-BF4B-00C04F79EFBC}") = "PlayerRanking", "PlayerRanking\PlayerRanking.csproj", "{73D7C86B-AC0D-4FE8-852D-2C159141B05B}"
EndProject
Project("{FAE04EC0-301F-11D3-BF4B-00C04F79EFBC}") = "GoldFever", "GoldFever\GoldFever.csproj", "{A16677CF-ACD6-4BF6-8186-7C0D6676FA6F}"
EndProject
Global
	GlobalSection(SolutionConfigurationPlatforms) = preSolution
		Debug|Any CPU = Debug|Any CPU
		Release|Any CPU = Release|Any CPU
	EndGlobalSection
	GlobalSection(ProjectConfigurationPlatforms) = postSolution
		{253EA5F0-ED38-4640-995A-A2C89A8F87CE}.Debug|Any CPU.ActiveCfg = Debug|Any CPU
		{253EA5F0-ED38-4640-995A-A2C89A8F87CE}.Debug|Any CPU.Build.0 = Debug|Any CPU
		{253EA5F0-ED38-4640-995A-A2C89A8F87CE}.Release|Any CPU.ActiveCfg = Release|Any CPU
		{253EA5F0-ED38-4640-995A-A2C89A8F87CE}.Release|Any CPU.Build.0 = Release|Any CPU
		{ECFF480F-DC4F-447C-BDD8-B73E7B516992}.Debug|Any CPU.ActiveCfg = Debug|Any CPU
		{ECFF480F-DC4F-447C-BDD8-B73E7B516992}.Debug|Any CPU.Build.0 = Debug|Any CPU
		{ECFF480F-DC4F-447C-BDD8-B73E7B516992}.Release|Any CPU.ActiveCfg = Release|Any CPU
		{ECFF480F-DC4F-447C-BDD8-B73E7B516992}.Release|Any CPU.Build.0 = Release|Any CPU
		{173FDAFC-44E4-4249-ADF9-6894812D8346}.Debug|Any CPU.ActiveCfg = Debug|Any CPU
		{173FDAFC-44E4-4249-ADF9-6894812D8346}.Debug|Any CPU.Build.0 = Debug|Any CPU
		{173FDAFC-44E4-4249-ADF9-6894812D8346}.Release|Any CPU.ActiveCfg = Release|Any CPU
		{173FDAFC-44E4-4249-ADF9-6894812D8346}.Release|Any CPU.Build.0 = Release|Any CPU
		{A26FFC9D-F6F6-45FA-AB1C-BEB6B3E4CA1C}.Debug|Any CPU.ActiveCfg = Debug|Any CPU
		{A26FFC9D-F6F6-45FA-AB1C-BEB6B3E4CA1C}.Debug|Any CPU.Build.0 = Debug|Any CPU
		{A26FFC9D-F6F6-45FA-AB1C-BEB6B3E4CA1C}.Release|Any CPU.ActiveCfg = Release|Any CPU
		{A26FFC9D-F6F6-45FA-AB1C-BEB6B3E4CA1C}.Release|Any CPU.Build.0 = Release|Any CPU
		{7106BD2B-A0B5-4386-8F76-A51182BA2344}.Debug|Any CPU.ActiveCfg = Debug|Any CPU
		{7106BD2B-A0B5-4386-8F76-A51182BA2344}.Debug|Any CPU.Build.0 = Debug|Any CPU
		{7106BD2B-A0B5-4386-8F76-A51182BA2344}.Release|Any CPU.ActiveCfg = Release|Any CPU
		{7106BD2B-A0B5-4386-8F76-A51182BA2344}.Release|Any CPU.Build.0 = Release|Any CPU
		{30D9C440-8062-46EB-995E-BB7F98C52069}.Debug|Any CPU.ActiveCfg = Debug|Any CPU
		{30D9C440-8062-46EB-995E-BB7F98C52069}.Debug|Any CPU.Build.0 = Debug|Any CPU
		{30D9C440-8062-46EB-995E-BB7F98C52069}.Release|Any CPU.ActiveCfg = Release|Any CPU
		{30D9C440-8062-46EB-995E-BB7F98C52069}.Release|Any CPU.Build.0 = Release|Any CPU
		{58BA6166-5BDC-49D9-8C7D-C542C96D977D}.Debug|Any CPU.ActiveCfg = Debug|Any CPU
		{58BA6166-5BDC-49D9-8C7D-C542C96D977D}.Debug|Any CPU.Build.0 = Debug|Any CPU
		{58BA6166-5BDC-49D9-8C7D-C542C96D977D}.Release|Any CPU.ActiveCfg = Release|Any CPU
		{58BA6166-5BDC-49D9-8C7D-C542C96D977D}.Release|Any CPU.Build.0 = Release|Any CPU
		{0E79395C-FCDF-4D6E-80FF-F988BC3A612E}.Debug|Any CPU.ActiveCfg = Debug|Any CPU
		{0E79395C-FCDF-4D6E-80FF-F988BC3A612E}.Debug|Any CPU.Build.0 = Debug|Any CPU
		{0E79395C-FCDF-4D6E-80FF-F988BC3A612E}.Release|Any CPU.ActiveCfg = Release|Any CPU
		{0E79395C-FCDF-4D6E-80FF-F988BC3A612E}.Release|Any CPU.Build.0 = Release|Any CPU
		{A2ED75A5-4139-450B-B00A-32475A382C46}.Debug|Any CPU.ActiveCfg = Debug|Any CPU
		{A2ED75A5-4139-450B-B00A-32475A382C46}.Debug|Any CPU.Build.0 = Debug|Any CPU
		{A2ED75A5-4139-450B-B00A-32475A382C46}.Release|Any CPU.ActiveCfg = Release|Any CPU
		{A2ED75A5-4139-450B-B00A-32475A382C46}.Release|Any CPU.Build.0 = Release|Any CPU
		{34955C5F-FA3A-4943-B6E3-7B730155D866}.Debug|Any CPU.ActiveCfg = Debug|Any CPU
		{34955C5F-FA3A-4943-B6E3-7B730155D866}.Debug|Any CPU.Build.0 = Debug|Any CPU
		{34955C5F-FA3A-4943-B6E3-7B730155D866}.Release|Any CPU.ActiveCfg = Release|Any CPU
		{34955C5F-FA3A-4943-B6E3-7B730155D866}.Release|Any CPU.Build.0 = Release|Any CPU
		{7B6075A9-B3C2-448A-ABC5-FB95B16839DF}.Debug|Any CPU.ActiveCfg = Debug|Any CPU
		{7B6075A9-B3C2-448A-ABC5-FB95B16839DF}.Debug|Any CPU.Build.0 = Debug|Any CPU
		{7B6075A9-B3C2-448A-ABC5-FB95B16839DF}.Release|Any CPU.ActiveCfg = Release|Any CPU
		{7B6075A9-B3C2-448A-ABC5-FB95B16839DF}.Release|Any CPU.Build.0 = Release|Any CPU
		{21981F83-9D14-4A4D-9DD8-A0CD270AA241}.Debug|Any CPU.ActiveCfg = Debug|Any CPU
		{21981F83-9D14-4A4D-9DD8-A0CD270AA241}.Debug|Any CPU.Build.0 = Debug|Any CPU
		{21981F83-9D14-4A4D-9DD8-A0CD270AA241}.Release|Any CPU.ActiveCfg = Release|Any CPU
		{21981F83-9D14-4A4D-9DD8-A0CD270AA241}.Release|Any CPU.Build.0 = Release|Any CPU
		{663E6B72-2FC2-4520-8F46-39C27E17B292}.Debug|Any CPU.ActiveCfg = Debug|Any CPU
		{663E6B72-2FC2-4520-8F46-39C27E17B292}.Debug|Any CPU.Build.0 = Debug|Any CPU
		{663E6B72-2FC2-4520-8F46-39C27E17B292}.Release|Any CPU.ActiveCfg = Release|Any CPU
		{663E6B72-2FC2-4520-8F46-39C27E17B292}.Release|Any CPU.Build.0 = Release|Any CPU
		{F570BC83-8AD4-4688-BF96-362604694070}.Debug|Any CPU.ActiveCfg = Debug|Any CPU
		{F570BC83-8AD4-4688-BF96-362604694070}.Debug|Any CPU.Build.0 = Debug|Any CPU
		{F570BC83-8AD4-4688-BF96-362604694070}.Release|Any CPU.ActiveCfg = Release|Any CPU
		{F570BC83-8AD4-4688-BF96-362604694070}.Release|Any CPU.Build.0 = Release|Any CPU
		{6D462E70-F85C-4760-A066-D142C0B691F7}.Debug|Any CPU.ActiveCfg = Debug|Any CPU
		{6D462E70-F85C-4760-A066-D142C0B691F7}.Debug|Any CPU.Build.0 = Debug|Any CPU
		{6D462E70-F85C-4760-A066-D142C0B691F7}.Release|Any CPU.ActiveCfg = Release|Any CPU
		{6D462E70-F85C-4760-A066-D142C0B691F7}.Release|Any CPU.Build.0 = Release|Any CPU
		{09B74A72-2C12-4DAB-AB3C-A916DB902C9F}.Debug|Any CPU.ActiveCfg = Debug|Any CPU
		{09B74A72-2C12-4DAB-AB3C-A916DB902C9F}.Debug|Any CPU.Build.0 = Debug|Any CPU
		{09B74A72-2C12-4DAB-AB3C-A916DB902C9F}.Release|Any CPU.ActiveCfg = Release|Any CPU
		{09B74A72-2C12-4DAB-AB3C-A916DB902C9F}.Release|Any CPU.Build.0 = Release|Any CPU
		{34CC560F-DCB6-4B36-9660-AF52ACAE84A1}.Debug|Any CPU.ActiveCfg = Debug|Any CPU
		{34CC560F-DCB6-4B36-9660-AF52ACAE84A1}.Debug|Any CPU.Build.0 = Debug|Any CPU
		{34CC560F-DCB6-4B36-9660-AF52ACAE84A1}.Release|Any CPU.ActiveCfg = Release|Any CPU
		{34CC560F-DCB6-4B36-9660-AF52ACAE84A1}.Release|Any CPU.Build.0 = Release|Any CPU
		{8A15D147-D6DF-4CB8-9196-147B71C144C8}.Debug|Any CPU.ActiveCfg = Debug|Any CPU
		{8A15D147-D6DF-4CB8-9196-147B71C144C8}.Debug|Any CPU.Build.0 = Debug|Any CPU
		{8A15D147-D6DF-4CB8-9196-147B71C144C8}.Release|Any CPU.ActiveCfg = Release|Any CPU
		{8A15D147-D6DF-4CB8-9196-147B71C144C8}.Release|Any CPU.Build.0 = Release|Any CPU
		{292D4241-BBE6-42F7-AAC9-F987C0D0D9DC}.Debug|Any CPU.ActiveCfg = Debug|Any CPU
		{292D4241-BBE6-42F7-AAC9-F987C0D0D9DC}.Debug|Any CPU.Build.0 = Debug|Any CPU
		{292D4241-BBE6-42F7-AAC9-F987C0D0D9DC}.Release|Any CPU.ActiveCfg = Release|Any CPU
		{292D4241-BBE6-42F7-AAC9-F987C0D0D9DC}.Release|Any CPU.Build.0 = Release|Any CPU
		{F4E04807-56A0-4857-9241-A60BB5168ED4}.Debug|Any CPU.ActiveCfg = Debug|Any CPU
		{F4E04807-56A0-4857-9241-A60BB5168ED4}.Debug|Any CPU.Build.0 = Debug|Any CPU
		{F4E04807-56A0-4857-9241-A60BB5168ED4}.Release|Any CPU.ActiveCfg = Release|Any CPU
		{F4E04807-56A0-4857-9241-A60BB5168ED4}.Release|Any CPU.Build.0 = Release|Any CPU
		{EC260126-EC47-46DC-99F4-DDE0486D123B}.Debug|Any CPU.ActiveCfg = Debug|Any CPU
		{EC260126-EC47-46DC-99F4-DDE0486D123B}.Debug|Any CPU.Build.0 = Debug|Any CPU
		{EC260126-EC47-46DC-99F4-DDE0486D123B}.Release|Any CPU.ActiveCfg = Release|Any CPU
		{EC260126-EC47-46DC-99F4-DDE0486D123B}.Release|Any CPU.Build.0 = Release|Any CPU
		{62CFCB2A-D291-4172-9CF4-C14B873A6A09}.Debug|Any CPU.ActiveCfg = Debug|Any CPU
		{62CFCB2A-D291-4172-9CF4-C14B873A6A09}.Debug|Any CPU.Build.0 = Debug|Any CPU
		{62CFCB2A-D291-4172-9CF4-C14B873A6A09}.Release|Any CPU.ActiveCfg = Release|Any CPU
		{62CFCB2A-D291-4172-9CF4-C14B873A6A09}.Release|Any CPU.Build.0 = Release|Any CPU
		{784B544A-CC0B-4DE4-9218-03EE329C71BF}.Debug|Any CPU.ActiveCfg = Debug|Any CPU
		{784B544A-CC0B-4DE4-9218-03EE329C71BF}.Debug|Any CPU.Build.0 = Debug|Any CPU
		{784B544A-CC0B-4DE4-9218-03EE329C71BF}.Release|Any CPU.ActiveCfg = Release|Any CPU
		{784B544A-CC0B-4DE4-9218-03EE329C71BF}.Release|Any CPU.Build.0 = Release|Any CPU
		{7083C8F2-90F9-44F2-8735-F17BDB0189A2}.Debug|Any CPU.ActiveCfg = Debug|Any CPU
		{7083C8F2-90F9-44F2-8735-F17BDB0189A2}.Debug|Any CPU.Build.0 = Debug|Any CPU
		{7083C8F2-90F9-44F2-8735-F17BDB0189A2}.Release|Any CPU.ActiveCfg = Release|Any CPU
		{7083C8F2-90F9-44F2-8735-F17BDB0189A2}.Release|Any CPU.Build.0 = Release|Any CPU
		{57242FD7-2D39-4BAB-89F9-B3E954D167D9}.Debug|Any CPU.ActiveCfg = Debug|Any CPU
		{57242FD7-2D39-4BAB-89F9-B3E954D167D9}.Debug|Any CPU.Build.0 = Debug|Any CPU
		{57242FD7-2D39-4BAB-89F9-B3E954D167D9}.Release|Any CPU.ActiveCfg = Release|Any CPU
		{57242FD7-2D39-4BAB-89F9-B3E954D167D9}.Release|Any CPU.Build.0 = Release|Any CPU
		{824EC60C-AE24-4471-8A54-4CB3928AFA90}.Debug|Any CPU.ActiveCfg = Debug|Any CPU
		{824EC60C-AE24-4471-8A54-4CB3928AFA90}.Debug|Any CPU.Build.0 = Debug|Any CPU
		{824EC60C-AE24-4471-8A54-4CB3928AFA90}.Release|Any CPU.ActiveCfg = Release|Any CPU
		{824EC60C-AE24-4471-8A54-4CB3928AFA90}.Release|Any CPU.Build.0 = Release|Any CPU
		{EA988051-1FAF-47CE-9A03-D09A7616542B}.Debug|Any CPU.ActiveCfg = Debug|Any CPU
		{EA988051-1FAF-47CE-9A03-D09A7616542B}.Debug|Any CPU.Build.0 = Debug|Any CPU
		{EA988051-1FAF-47CE-9A03-D09A7616542B}.Release|Any CPU.ActiveCfg = Release|Any CPU
		{EA988051-1FAF-47CE-9A03-D09A7616542B}.Release|Any CPU.Build.0 = Release|Any CPU
		{4FD14D93-8D4C-4BBF-9B85-093F1D9C41D1}.Debug|Any CPU.ActiveCfg = Debug|Any CPU
		{4FD14D93-8D4C-4BBF-9B85-093F1D9C41D1}.Debug|Any CPU.Build.0 = Debug|Any CPU
		{4FD14D93-8D4C-4BBF-9B85-093F1D9C41D1}.Release|Any CPU.ActiveCfg = Release|Any CPU
		{4FD14D93-8D4C-4BBF-9B85-093F1D9C41D1}.Release|Any CPU.Build.0 = Release|Any CPU
		{996B6583-C846-4CBB-9939-E00C1AD82BCE}.Debug|Any CPU.ActiveCfg = Debug|Any CPU
		{996B6583-C846-4CBB-9939-E00C1AD82BCE}.Debug|Any CPU.Build.0 = Debug|Any CPU
		{996B6583-C846-4CBB-9939-E00C1AD82BCE}.Release|Any CPU.ActiveCfg = Release|Any CPU
		{996B6583-C846-4CBB-9939-E00C1AD82BCE}.Release|Any CPU.Build.0 = Release|Any CPU
		{1265E9BB-6153-41A2-A0DA-F1195A9455ED}.Debug|Any CPU.ActiveCfg = Debug|Any CPU
		{1265E9BB-6153-41A2-A0DA-F1195A9455ED}.Debug|Any CPU.Build.0 = Debug|Any CPU
		{1265E9BB-6153-41A2-A0DA-F1195A9455ED}.Release|Any CPU.ActiveCfg = Release|Any CPU
		{1265E9BB-6153-41A2-A0DA-F1195A9455ED}.Release|Any CPU.Build.0 = Release|Any CPU
		{5F5E68CA-AEE7-4EF7-A739-A511CA199B3C}.Debug|Any CPU.ActiveCfg = Debug|Any CPU
		{5F5E68CA-AEE7-4EF7-A739-A511CA199B3C}.Debug|Any CPU.Build.0 = Debug|Any CPU
		{5F5E68CA-AEE7-4EF7-A739-A511CA199B3C}.Release|Any CPU.ActiveCfg = Release|Any CPU
		{5F5E68CA-AEE7-4EF7-A739-A511CA199B3C}.Release|Any CPU.Build.0 = Release|Any CPU
		{0A5A7A18-F778-40AF-8A4D-42C215BEA514}.Debug|Any CPU.ActiveCfg = Debug|Any CPU
		{0A5A7A18-F778-40AF-8A4D-42C215BEA514}.Debug|Any CPU.Build.0 = Debug|Any CPU
		{0A5A7A18-F778-40AF-8A4D-42C215BEA514}.Release|Any CPU.ActiveCfg = Release|Any CPU
		{0A5A7A18-F778-40AF-8A4D-42C215BEA514}.Release|Any CPU.Build.0 = Release|Any CPU
		{B8502D77-535D-4D0B-89D5-E090745F58F8}.Debug|Any CPU.ActiveCfg = Debug|Any CPU
		{B8502D77-535D-4D0B-89D5-E090745F58F8}.Debug|Any CPU.Build.0 = Debug|Any CPU
		{B8502D77-535D-4D0B-89D5-E090745F58F8}.Release|Any CPU.ActiveCfg = Release|Any CPU
		{B8502D77-535D-4D0B-89D5-E090745F58F8}.Release|Any CPU.Build.0 = Release|Any CPU
		{5F9635C8-F58D-43EE-B560-4AD1B78976CE}.Debug|Any CPU.ActiveCfg = Debug|Any CPU
		{5F9635C8-F58D-43EE-B560-4AD1B78976CE}.Debug|Any CPU.Build.0 = Debug|Any CPU
		{5F9635C8-F58D-43EE-B560-4AD1B78976CE}.Release|Any CPU.ActiveCfg = Release|Any CPU
		{5F9635C8-F58D-43EE-B560-4AD1B78976CE}.Release|Any CPU.Build.0 = Release|Any CPU
		{73D7C86B-AC0D-4FE8-852D-2C159141B05B}.Debug|Any CPU.ActiveCfg = Debug|Any CPU
		{73D7C86B-AC0D-4FE8-852D-2C159141B05B}.Debug|Any CPU.Build.0 = Debug|Any CPU
		{73D7C86B-AC0D-4FE8-852D-2C159141B05B}.Release|Any CPU.ActiveCfg = Release|Any CPU
		{73D7C86B-AC0D-4FE8-852D-2C159141B05B}.Release|Any CPU.Build.0 = Release|Any CPU
		{A16677CF-ACD6-4BF6-8186-7C0D6676FA6F}.Debug|Any CPU.ActiveCfg = Debug|Any CPU
		{A16677CF-ACD6-4BF6-8186-7C0D6676FA6F}.Debug|Any CPU.Build.0 = Debug|Any CPU
		{A16677CF-ACD6-4BF6-8186-7C0D6676FA6F}.Release|Any CPU.ActiveCfg = Release|Any CPU
		{A16677CF-ACD6-4BF6-8186-7C0D6676FA6F}.Release|Any CPU.Build.0 = Release|Any CPU
	EndGlobalSection
	GlobalSection(SolutionProperties) = preSolution
		HideSolutionNode = FALSE
	EndGlobalSection
EndGlobal
